PODS:
  - KVOMutableArray/Core (1.0.0)
  - KVOMutableArray/ReactiveCocoaSupport (1.0.0):
    - KVOMutableArray/Core
    - ReactiveCocoa/Core
  - ReactiveCocoa/Core (2.5):
    - ReactiveCocoa/no-arc
  - ReactiveCocoa/no-arc (2.5)

DEPENDENCIES:
  - KVOMutableArray/ReactiveCocoaSupport (from `../`)

EXTERNAL SOURCES:
  KVOMutableArray:
    :path: ../

SPEC CHECKSUMS:
  KVOMutableArray: d5ba30516c81970449ee4f70ecd4894a23660068
  ReactiveCocoa: e2db045570aa97c695e7aa97c2bcab222ae51f4a

COCOAPODS: 0.37.2
