PODS:
  - KVOMutableArray/Core (2.0.0)
  - KVOMutableArray/ReactiveCocoaSupport (2.0.0):
    - KVOMutableArray/Core
    - ReactiveObjC
  - ReactiveObjC (2.1.0)

DEPENDENCIES:
  - KVOMutableArray/ReactiveCocoaSupport (from `../`)

EXTERNAL SOURCES:
  KVOMutableArray:
    :path: "../"

SPEC CHECKSUMS:
  KVOMutableArray: db88b7ee1fd805540e3541d9948839aca760f2c9
  ReactiveObjC: 2edae120982d8e6d5407503a10edcfdd87eb8639

PODFILE CHECKSUM: df85dd969b745100ca58ee1b352c39dddd75fc93

COCOAPODS: 1.1.1
